PODS:
  - Alamofire (5.0.0-rc.1)
  - Kingfisher (5.7.1)

DEPENDENCIES:
  - Alamofire (~> 5.0.0-rc.1)
  - Kingfisher (~> 5.0)

SPEC REPOS:
  https://github.com/CocoaPods/Specs.git:
    - Alamofire
    - Kingfisher

SPEC CHECKSUMS:
  Alamofire: b752289c6040d77e9738610c9080276f18276842
  Kingfisher: 176d377ad339113c99ad4980cbae687f807e20fe

PODFILE CHECKSUM: e2fe4c9caf5206bab387639d0b1052e42116863b

COCOAPODS: 1.8.4
